
Microsoft Visual Studio Solution File, Format Version 12.00
# Visual Studio Version 17
VisualStudioVersion = 17.0.31903.59
MinimumVisualStudioVersion = 10.0.40219.1
Project("{2150E333-8FDC-42A3-9474-1A3956D46DE8}") = "src", "src", "{827E0CD3-B72D-47B6-A68D-7590B98EB39B}"
EndProject
Project("{FAE04EC0-301F-11D3-BF4B-00C04F79EFBC}") = "AuctionService", "src\AuctionService\AuctionService.csproj", "{79C5814C-010D-497E-B3FA-D8EB0061ABFF}"
EndProject
Project("{FAE04EC0-301F-11D3-BF4B-00C04F79EFBC}") = "SearchService", "src\SearchService\SearchService.csproj", "{D1142489-1347-4BD0-88B0-68D5040212E8}"
EndProject
Project("{FAE04EC0-301F-11D3-BF4B-00C04F79EFBC}") = "Contracts", "src\Contracts\Contracts.csproj", "{191CEA87-D06B-47E8-BB77-BEAEC5FC268D}"
EndProject
Project("{FAE04EC0-301F-11D3-BF4B-00C04F79EFBC}") = "IdentityService", "src\IdentityService\IdentityService.csproj", "{FC05A18E-F75F-436D-895B-BEB122812442}"
EndProject
Project("{FAE04EC0-301F-11D3-BF4B-00C04F79EFBC}") = "GatewayService", "src\GatewayService\GatewayService.csproj", "{8F3B4F87-9C08-44F1-AD43-B9F92E6FE378}"
EndProject
Project("{FAE04EC0-301F-11D3-BF4B-00C04F79EFBC}") = "BiddingService", "src\BiddingService\BiddingService.csproj", "{7A41DAC5-F7FC-4543-994B-08B10D0ECD33}"
EndProject
Project("{FAE04EC0-301F-11D3-BF4B-00C04F79EFBC}") = "NotificationService", "src\NotificationService\NotificationService.csproj", "{AB8CB3DB-485E-492D-BEB9-4E1DB8066C2A}"
EndProject
Project("{2150E333-8FDC-42A3-9474-1A3956D46DE8}") = "tests", "tests", "{0AB3BF05-4346-4AA6-1389-037BE0695223}"
EndProject
Project("{FAE04EC0-301F-11D3-BF4B-00C04F79EFBC}") = "AuctionService.UnitTests", "tests\AuctionService.UnitTests\AuctionService.UnitTests.csproj", "{B6AD21AB-0DAB-4D33-95B1-81FDB94399CF}"
EndProject
Project("{FAE04EC0-301F-11D3-BF4B-00C04F79EFBC}") = "AuctionService.IntegrationTests", "tests\AuctionService.IntegrationTests\AuctionService.IntegrationTests.csproj", "{B0B1E10F-BBA3-4415-B8F0-D9BB8D53801C}"
EndProject
Global
	GlobalSection(SolutionConfigurationPlatforms) = preSolution
		Debug|Any CPU = Debug|Any CPU
		Debug|x64 = Debug|x64
		Debug|x86 = Debug|x86
		Release|Any CPU = Release|Any CPU
		Release|x64 = Release|x64
		Release|x86 = Release|x86
	EndGlobalSection
	GlobalSection(ProjectConfigurationPlatforms) = postSolution
		{79C5814C-010D-497E-B3FA-D8EB0061ABFF}.Debug|Any CPU.ActiveCfg = Debug|Any CPU
		{79C5814C-010D-497E-B3FA-D8EB0061ABFF}.Debug|Any CPU.Build.0 = Debug|Any CPU
		{79C5814C-010D-497E-B3FA-D8EB0061ABFF}.Debug|x64.ActiveCfg = Debug|Any CPU
		{79C5814C-010D-497E-B3FA-D8EB0061ABFF}.Debug|x64.Build.0 = Debug|Any CPU
		{79C5814C-010D-497E-B3FA-D8EB0061ABFF}.Debug|x86.ActiveCfg = Debug|Any CPU
		{79C5814C-010D-497E-B3FA-D8EB0061ABFF}.Debug|x86.Build.0 = Debug|Any CPU
		{79C5814C-010D-497E-B3FA-D8EB0061ABFF}.Release|Any CPU.ActiveCfg = Release|Any CPU
		{79C5814C-010D-497E-B3FA-D8EB0061ABFF}.Release|Any CPU.Build.0 = Release|Any CPU
		{79C5814C-010D-497E-B3FA-D8EB0061ABFF}.Release|x64.ActiveCfg = Release|Any CPU
		{79C5814C-010D-497E-B3FA-D8EB0061ABFF}.Release|x64.Build.0 = Release|Any CPU
		{79C5814C-010D-497E-B3FA-D8EB0061ABFF}.Release|x86.ActiveCfg = Release|Any CPU
		{79C5814C-010D-497E-B3FA-D8EB0061ABFF}.Release|x86.Build.0 = Release|Any CPU
		{D1142489-1347-4BD0-88B0-68D5040212E8}.Debug|Any CPU.ActiveCfg = Debug|Any CPU
		{D1142489-1347-4BD0-88B0-68D5040212E8}.Debug|Any CPU.Build.0 = Debug|Any CPU
		{D1142489-1347-4BD0-88B0-68D5040212E8}.Debug|x64.ActiveCfg = Debug|Any CPU
		{D1142489-1347-4BD0-88B0-68D5040212E8}.Debug|x64.Build.0 = Debug|Any CPU
		{D1142489-1347-4BD0-88B0-68D5040212E8}.Debug|x86.ActiveCfg = Debug|Any CPU
		{D1142489-1347-4BD0-88B0-68D5040212E8}.Debug|x86.Build.0 = Debug|Any CPU
		{D1142489-1347-4BD0-88B0-68D5040212E8}.Release|Any CPU.ActiveCfg = Release|Any CPU
		{D1142489-1347-4BD0-88B0-68D5040212E8}.Release|Any CPU.Build.0 = Release|Any CPU
		{D1142489-1347-4BD0-88B0-68D5040212E8}.Release|x64.ActiveCfg = Release|Any CPU
		{D1142489-1347-4BD0-88B0-68D5040212E8}.Release|x64.Build.0 = Release|Any CPU
		{D1142489-1347-4BD0-88B0-68D5040212E8}.Release|x86.ActiveCfg = Release|Any CPU
		{D1142489-1347-4BD0-88B0-68D5040212E8}.Release|x86.Build.0 = Release|Any CPU
		{191CEA87-D06B-47E8-BB77-BEAEC5FC268D}.Debug|Any CPU.ActiveCfg = Debug|Any CPU
		{191CEA87-D06B-47E8-BB77-BEAEC5FC268D}.Debug|Any CPU.Build.0 = Debug|Any CPU
		{191CEA87-D06B-47E8-BB77-BEAEC5FC268D}.Debug|x64.ActiveCfg = Debug|Any CPU
		{191CEA87-D06B-47E8-BB77-BEAEC5FC268D}.Debug|x64.Build.0 = Debug|Any CPU
		{191CEA87-D06B-47E8-BB77-BEAEC5FC268D}.Debug|x86.ActiveCfg = Debug|Any CPU
		{191CEA87-D06B-47E8-BB77-BEAEC5FC268D}.Debug|x86.Build.0 = Debug|Any CPU
		{191CEA87-D06B-47E8-BB77-BEAEC5FC268D}.Release|Any CPU.ActiveCfg = Release|Any CPU
		{191CEA87-D06B-47E8-BB77-BEAEC5FC268D}.Release|Any CPU.Build.0 = Release|Any CPU
		{191CEA87-D06B-47E8-BB77-BEAEC5FC268D}.Release|x64.ActiveCfg = Release|Any CPU
		{191CEA87-D06B-47E8-BB77-BEAEC5FC268D}.Release|x64.Build.0 = Release|Any CPU
		{191CEA87-D06B-47E8-BB77-BEAEC5FC268D}.Release|x86.ActiveCfg = Release|Any CPU
		{191CEA87-D06B-47E8-BB77-BEAEC5FC268D}.Release|x86.Build.0 = Release|Any CPU
		{FC05A18E-F75F-436D-895B-BEB122812442}.Debug|Any CPU.ActiveCfg = Debug|Any CPU
		{FC05A18E-F75F-436D-895B-BEB122812442}.Debug|Any CPU.Build.0 = Debug|Any CPU
		{FC05A18E-F75F-436D-895B-BEB122812442}.Debug|x64.ActiveCfg = Debug|Any CPU
		{FC05A18E-F75F-436D-895B-BEB122812442}.Debug|x64.Build.0 = Debug|Any CPU
		{FC05A18E-F75F-436D-895B-BEB122812442}.Debug|x86.ActiveCfg = Debug|Any CPU
		{FC05A18E-F75F-436D-895B-BEB122812442}.Debug|x86.Build.0 = Debug|Any CPU
		{FC05A18E-F75F-436D-895B-BEB122812442}.Release|Any CPU.ActiveCfg = Release|Any CPU
		{FC05A18E-F75F-436D-895B-BEB122812442}.Release|Any CPU.Build.0 = Release|Any CPU
		{FC05A18E-F75F-436D-895B-BEB122812442}.Release|x64.ActiveCfg = Release|Any CPU
		{FC05A18E-F75F-436D-895B-BEB122812442}.Release|x64.Build.0 = Release|Any CPU
		{FC05A18E-F75F-436D-895B-BEB122812442}.Release|x86.ActiveCfg = Release|Any CPU
		{FC05A18E-F75F-436D-895B-BEB122812442}.Release|x86.Build.0 = Release|Any CPU
		{8F3B4F87-9C08-44F1-AD43-B9F92E6FE378}.Debug|Any CPU.ActiveCfg = Debug|Any CPU
		{8F3B4F87-9C08-44F1-AD43-B9F92E6FE378}.Debug|Any CPU.Build.0 = Debug|Any CPU
		{8F3B4F87-9C08-44F1-AD43-B9F92E6FE378}.Debug|x64.ActiveCfg = Debug|Any CPU
		{8F3B4F87-9C08-44F1-AD43-B9F92E6FE378}.Debug|x64.Build.0 = Debug|Any CPU
		{8F3B4F87-9C08-44F1-AD43-B9F92E6FE378}.Debug|x86.ActiveCfg = Debug|Any CPU
		{8F3B4F87-9C08-44F1-AD43-B9F92E6FE378}.Debug|x86.Build.0 = Debug|Any CPU
		{8F3B4F87-9C08-44F1-AD43-B9F92E6FE378}.Release|Any CPU.ActiveCfg = Release|Any CPU
		{8F3B4F87-9C08-44F1-AD43-B9F92E6FE378}.Release|Any CPU.Build.0 = Release|Any CPU
		{8F3B4F87-9C08-44F1-AD43-B9F92E6FE378}.Release|x64.ActiveCfg = Release|Any CPU
		{8F3B4F87-9C08-44F1-AD43-B9F92E6FE378}.Release|x64.Build.0 = Release|Any CPU
		{8F3B4F87-9C08-44F1-AD43-B9F92E6FE378}.Release|x86.ActiveCfg = Release|Any CPU
		{8F3B4F87-9C08-44F1-AD43-B9F92E6FE378}.Release|x86.Build.0 = Release|Any CPU
		{7A41DAC5-F7FC-4543-994B-08B10D0ECD33}.Debug|Any CPU.ActiveCfg = Debug|Any CPU
		{7A41DAC5-F7FC-4543-994B-08B10D0ECD33}.Debug|Any CPU.Build.0 = Debug|Any CPU
		{7A41DAC5-F7FC-4543-994B-08B10D0ECD33}.Debug|x64.ActiveCfg = Debug|Any CPU
		{7A41DAC5-F7FC-4543-994B-08B10D0ECD33}.Debug|x64.Build.0 = Debug|Any CPU
		{7A41DAC5-F7FC-4543-994B-08B10D0ECD33}.Debug|x86.ActiveCfg = Debug|Any CPU
		{7A41DAC5-F7FC-4543-994B-08B10D0ECD33}.Debug|x86.Build.0 = Debug|Any CPU
		{7A41DAC5-F7FC-4543-994B-08B10D0ECD33}.Release|Any CPU.ActiveCfg = Release|Any CPU
		{7A41DAC5-F7FC-4543-994B-08B10D0ECD33}.Release|Any CPU.Build.0 = Release|Any CPU
		{7A41DAC5-F7FC-4543-994B-08B10D0ECD33}.Release|x64.ActiveCfg = Release|Any CPU
		{7A41DAC5-F7FC-4543-994B-08B10D0ECD33}.Release|x64.Build.0 = Release|Any CPU
		{7A41DAC5-F7FC-4543-994B-08B10D0ECD33}.Release|x86.ActiveCfg = Release|Any CPU
		{7A41DAC5-F7FC-4543-994B-08B10D0ECD33}.Release|x86.Build.0 = Release|Any CPU
		{AB8CB3DB-485E-492D-BEB9-4E1DB8066C2A}.Debug|Any CPU.ActiveCfg = Debug|Any CPU
		{AB8CB3DB-485E-492D-BEB9-4E1DB8066C2A}.Debug|Any CPU.Build.0 = Debug|Any CPU
		{AB8CB3DB-485E-492D-BEB9-4E1DB8066C2A}.Debug|x64.ActiveCfg = Debug|Any CPU
		{AB8CB3DB-485E-492D-BEB9-4E1DB8066C2A}.Debug|x64.Build.0 = Debug|Any CPU
		{AB8CB3DB-485E-492D-BEB9-4E1DB8066C2A}.Debug|x86.ActiveCfg = Debug|Any CPU
		{AB8CB3DB-485E-492D-BEB9-4E1DB8066C2A}.Debug|x86.Build.0 = Debug|Any CPU
		{AB8CB3DB-485E-492D-BEB9-4E1DB8066C2A}.Release|Any CPU.ActiveCfg = Release|Any CPU
		{AB8CB3DB-485E-492D-BEB9-4E1DB8066C2A}.Release|Any CPU.Build.0 = Release|Any CPU
		{AB8CB3DB-485E-492D-BEB9-4E1DB8066C2A}.Release|x64.ActiveCfg = Release|Any CPU
		{AB8CB3DB-485E-492D-BEB9-4E1DB8066C2A}.Release|x64.Build.0 = Release|Any CPU
		{AB8CB3DB-485E-492D-BEB9-4E1DB8066C2A}.Release|x86.ActiveCfg = Release|Any CPU
		{AB8CB3DB-485E-492D-BEB9-4E1DB8066C2A}.Release|x86.Build.0 = Release|Any CPU
		{B6AD21AB-0DAB-4D33-95B1-81FDB94399CF}.Debug|Any CPU.ActiveCfg = Debug|Any CPU
		{B6AD21AB-0DAB-4D33-95B1-81FDB94399CF}.Debug|Any CPU.Build.0 = Debug|Any CPU
		{B6AD21AB-0DAB-4D33-95B1-81FDB94399CF}.Debug|x64.ActiveCfg = Debug|Any CPU
		{B6AD21AB-0DAB-4D33-95B1-81FDB94399CF}.Debug|x64.Build.0 = Debug|Any CPU
		{B6AD21AB-0DAB-4D33-95B1-81FDB94399CF}.Debug|x86.ActiveCfg = Debug|Any CPU
		{B6AD21AB-0DAB-4D33-95B1-81FDB94399CF}.Debug|x86.Build.0 = Debug|Any CPU
		{B6AD21AB-0DAB-4D33-95B1-81FDB94399CF}.Release|Any CPU.ActiveCfg = Release|Any CPU
		{B6AD21AB-0DAB-4D33-95B1-81FDB94399CF}.Release|Any CPU.Build.0 = Release|Any CPU
		{B6AD21AB-0DAB-4D33-95B1-81FDB94399CF}.Release|x64.ActiveCfg = Release|Any CPU
		{B6AD21AB-0DAB-4D33-95B1-81FDB94399CF}.Release|x64.Build.0 = Release|Any CPU
		{B6AD21AB-0DAB-4D33-95B1-81FDB94399CF}.Release|x86.ActiveCfg = Release|Any CPU
		{B6AD21AB-0DAB-4D33-95B1-81FDB94399CF}.Release|x86.Build.0 = Release|Any CPU
		{B0B1E10F-BBA3-4415-B8F0-D9BB8D53801C}.Debug|Any CPU.ActiveCfg = Debug|Any CPU
		{B0B1E10F-BBA3-4415-B8F0-D9BB8D53801C}.Debug|Any CPU.Build.0 = Debug|Any CPU
		{B0B1E10F-BBA3-4415-B8F0-D9BB8D53801C}.Debug|x64.ActiveCfg = Debug|Any CPU
		{B0B1E10F-BBA3-4415-B8F0-D9BB8D53801C}.Debug|x64.Build.0 = Debug|Any CPU
		{B0B1E10F-BBA3-4415-B8F0-D9BB8D53801C}.Debug|x86.ActiveCfg = Debug|Any CPU
		{B0B1E10F-BBA3-4415-B8F0-D9BB8D53801C}.Debug|x86.Build.0 = Debug|Any CPU
		{B0B1E10F-BBA3-4415-B8F0-D9BB8D53801C}.Release|Any CPU.ActiveCfg = Release|Any CPU
		{B0B1E10F-BBA3-4415-B8F0-D9BB8D53801C}.Release|Any CPU.Build.0 = Release|Any CPU
		{B0B1E10F-BBA3-4415-B8F0-D9BB8D53801C}.Release|x64.ActiveCfg = Release|Any CPU
		{B0B1E10F-BBA3-4415-B8F0-D9BB8D53801C}.Release|x64.Build.0 = Release|Any CPU
		{B0B1E10F-BBA3-4415-B8F0-D9BB8D53801C}.Release|x86.ActiveCfg = Release|Any CPU
		{B0B1E10F-BBA3-4415-B8F0-D9BB8D53801C}.Release|x86.Build.0 = Release|Any CPU
	EndGlobalSection
	GlobalSection(SolutionProperties) = preSolution
		HideSolutionNode = FALSE
	EndGlobalSection
	GlobalSection(NestedProjects) = preSolution
		{79C5814C-010D-497E-B3FA-D8EB0061ABFF} = {827E0CD3-B72D-47B6-A68D-7590B98EB39B}
		{D1142489-1347-4BD0-88B0-68D5040212E8} = {827E0CD3-B72D-47B6-A68D-7590B98EB39B}
		{191CEA87-D06B-47E8-BB77-BEAEC5FC268D} = {827E0CD3-B72D-47B6-A68D-7590B98EB39B}
		{FC05A18E-F75F-436D-895B-BEB122812442} = {827E0CD3-B72D-47B6-A68D-7590B98EB39B}
		{8F3B4F87-9C08-44F1-AD43-B9F92E6FE378} = {827E0CD3-B72D-47B6-A68D-7590B98EB39B}
		{7A41DAC5-F7FC-4543-994B-08B10D0ECD33} = {827E0CD3-B72D-47B6-A68D-7590B98EB39B}
		{AB8CB3DB-485E-492D-BEB9-4E1DB8066C2A} = {827E0CD3-B72D-47B6-A68D-7590B98EB39B}
		{B6AD21AB-0DAB-4D33-95B1-81FDB94399CF} = {0AB3BF05-4346-4AA6-1389-037BE0695223}
		{B0B1E10F-BBA3-4415-B8F0-D9BB8D53801C} = {0AB3BF05-4346-4AA6-1389-037BE0695223}
	EndGlobalSection
EndGlobal
